
Microsoft Visual Studio Solution File, Format Version 12.00
Project("{FAE04EC0-301F-11D3-BF4B-00C04F79EFBC}") = "Task 12", "Task 12\Task 12.csproj", "{B9D638FF-8F29-43ED-9273-F92E8489A2AE}"
EndProject
Global
	GlobalSection(SolutionConfigurationPlatforms) = preSolution
		Debug|Any CPU = Debug|Any CPU
		Release|Any CPU = Release|Any CPU
	EndGlobalSection
	GlobalSection(ProjectConfigurationPlatforms) = postSolution
		{B9D638FF-8F29-43ED-9273-F92E8489A2AE}.Debug|Any CPU.ActiveCfg = Debug|Any CPU
		{B9D638FF-8F29-43ED-9273-F92E8489A2AE}.Debug|Any CPU.Build.0 = Debug|Any CPU
		{B9D638FF-8F29-43ED-9273-F92E8489A2AE}.Release|Any CPU.ActiveCfg = Release|Any CPU
		{B9D638FF-8F29-43ED-9273-F92E8489A2AE}.Release|Any CPU.Build.0 = Release|Any CPU
	EndGlobalSection
EndGlobal
