
Microsoft Visual Studio Solution File, Format Version 12.00
Project("{FAE04EC0-301F-11D3-BF4B-00C04F79EFBC}") = "Timer", "Timer\Timer.csproj", "{0FCEA725-94B3-469A-8B00-810937E26EAF}"
EndProject
Global
	GlobalSection(SolutionConfigurationPlatforms) = preSolution
		Debug|Any CPU = Debug|Any CPU
		Release|Any CPU = Release|Any CPU
	EndGlobalSection
	GlobalSection(ProjectConfigurationPlatforms) = postSolution
		{0FCEA725-94B3-469A-8B00-810937E26EAF}.Debug|Any CPU.ActiveCfg = Debug|Any CPU
		{0FCEA725-94B3-469A-8B00-810937E26EAF}.Debug|Any CPU.Build.0 = Debug|Any CPU
		{0FCEA725-94B3-469A-8B00-810937E26EAF}.Release|Any CPU.ActiveCfg = Release|Any CPU
		{0FCEA725-94B3-469A-8B00-810937E26EAF}.Release|Any CPU.Build.0 = Release|Any CPU
	EndGlobalSection
EndGlobal
