
Microsoft Visual Studio Solution File, Format Version 12.00
Project("{FAE04EC0-301F-11D3-BF4B-00C04F79EFBC}") = "Colculator", "Colculator\Colculator.csproj", "{13DE90FE-1EE6-4AD6-AC4A-408A3A56E156}"
EndProject
Global
	GlobalSection(SolutionConfigurationPlatforms) = preSolution
		Debug|Any CPU = Debug|Any CPU
		Release|Any CPU = Release|Any CPU
	EndGlobalSection
	GlobalSection(ProjectConfigurationPlatforms) = postSolution
		{13DE90FE-1EE6-4AD6-AC4A-408A3A56E156}.Debug|Any CPU.ActiveCfg = Debug|Any CPU
		{13DE90FE-1EE6-4AD6-AC4A-408A3A56E156}.Debug|Any CPU.Build.0 = Debug|Any CPU
		{13DE90FE-1EE6-4AD6-AC4A-408A3A56E156}.Release|Any CPU.ActiveCfg = Release|Any CPU
		{13DE90FE-1EE6-4AD6-AC4A-408A3A56E156}.Release|Any CPU.Build.0 = Release|Any CPU
	EndGlobalSection
EndGlobal
