
Microsoft Visual Studio Solution File, Format Version 12.00
Project("{FAE04EC0-301F-11D3-BF4B-00C04F79EFBC}") = "Task 11", "Task 11\Task 11.csproj", "{AB7F30B3-417F-4323-8933-B5988AF8D2C3}"
EndProject
Global
	GlobalSection(SolutionConfigurationPlatforms) = preSolution
		Debug|Any CPU = Debug|Any CPU
		Release|Any CPU = Release|Any CPU
	EndGlobalSection
	GlobalSection(ProjectConfigurationPlatforms) = postSolution
		{AB7F30B3-417F-4323-8933-B5988AF8D2C3}.Debug|Any CPU.ActiveCfg = Debug|Any CPU
		{AB7F30B3-417F-4323-8933-B5988AF8D2C3}.Debug|Any CPU.Build.0 = Debug|Any CPU
		{AB7F30B3-417F-4323-8933-B5988AF8D2C3}.Release|Any CPU.ActiveCfg = Release|Any CPU
		{AB7F30B3-417F-4323-8933-B5988AF8D2C3}.Release|Any CPU.Build.0 = Release|Any CPU
	EndGlobalSection
EndGlobal
