
Microsoft Visual Studio Solution File, Format Version 12.00
Project("{FAE04EC0-301F-11D3-BF4B-00C04F79EFBC}") = "Task 9", "Task 9\Task 9.csproj", "{D8D79F2A-E369-48D6-9E2A-AE146BC6701E}"
EndProject
Global
	GlobalSection(SolutionConfigurationPlatforms) = preSolution
		Debug|Any CPU = Debug|Any CPU
		Release|Any CPU = Release|Any CPU
	EndGlobalSection
	GlobalSection(ProjectConfigurationPlatforms) = postSolution
		{D8D79F2A-E369-48D6-9E2A-AE146BC6701E}.Debug|Any CPU.ActiveCfg = Debug|Any CPU
		{D8D79F2A-E369-48D6-9E2A-AE146BC6701E}.Debug|Any CPU.Build.0 = Debug|Any CPU
		{D8D79F2A-E369-48D6-9E2A-AE146BC6701E}.Release|Any CPU.ActiveCfg = Release|Any CPU
		{D8D79F2A-E369-48D6-9E2A-AE146BC6701E}.Release|Any CPU.Build.0 = Release|Any CPU
	EndGlobalSection
EndGlobal
