
Microsoft Visual Studio Solution File, Format Version 12.00
Project("{FAE04EC0-301F-11D3-BF4B-00C04F79EFBC}") = "Graphics", "Graphics\Graphics.csproj", "{332C9F68-69FD-4010-95BB-974A6FC426C3}"
EndProject
Global
	GlobalSection(SolutionConfigurationPlatforms) = preSolution
		Debug|Any CPU = Debug|Any CPU
		Release|Any CPU = Release|Any CPU
	EndGlobalSection
	GlobalSection(ProjectConfigurationPlatforms) = postSolution
		{332C9F68-69FD-4010-95BB-974A6FC426C3}.Debug|Any CPU.ActiveCfg = Debug|Any CPU
		{332C9F68-69FD-4010-95BB-974A6FC426C3}.Debug|Any CPU.Build.0 = Debug|Any CPU
		{332C9F68-69FD-4010-95BB-974A6FC426C3}.Release|Any CPU.ActiveCfg = Release|Any CPU
		{332C9F68-69FD-4010-95BB-974A6FC426C3}.Release|Any CPU.Build.0 = Release|Any CPU
	EndGlobalSection
EndGlobal
